
Microsoft Visual Studio Solution File, Format Version 12.00
# Visual Studio Version 16
VisualStudioVersion = 16.0.30204.135
MinimumVisualStudioVersion = 10.0.40219.1
Project("{FAE04EC0-301F-11D3-BF4B-00C04F79EFBC}") = "sample_4_4", "sample_4_4\sample_4_4.csproj", "{5FDCA8BA-A5D6-406B-8089-C4D1E9104C87}"
EndProject
Global
	GlobalSection(SolutionConfigurationPlatforms) = preSolution
		Debug|Any CPU = Debug|Any CPU
		Release|Any CPU = Release|Any CPU
	EndGlobalSection
	GlobalSection(ProjectConfigurationPlatforms) = postSolution
		{5FDCA8BA-A5D6-406B-8089-C4D1E9104C87}.Debug|Any CPU.ActiveCfg = Debug|Any CPU
		{5FDCA8BA-A5D6-406B-8089-C4D1E9104C87}.Debug|Any CPU.Build.0 = Debug|Any CPU
		{5FDCA8BA-A5D6-406B-8089-C4D1E9104C87}.Release|Any CPU.ActiveCfg = Release|Any CPU
		{5FDCA8BA-A5D6-406B-8089-C4D1E9104C87}.Release|Any CPU.Build.0 = Release|Any CPU
	EndGlobalSection
	GlobalSection(SolutionProperties) = preSolution
		HideSolutionNode = FALSE
	EndGlobalSection
	GlobalSection(ExtensibilityGlobals) = postSolution
		SolutionGuid = {4A80AC29-74FC-4FF2-AD59-0C0705A6360A}
	EndGlobalSection
EndGlobal
